
Microsoft Visual Studio Solution File, Format Version 12.00
# Visual Studio Version 16
VisualStudioVersion = 16.0.29609.76
MinimumVisualStudioVersion = 10.0.40219.1
Project("{FAE04EC0-301F-11D3-BF4B-00C04F79EFBC}") = "finalProject", "finalProject\finalProject.csproj", "{CD02546D-83B1-495C-B085-0FB0583B95B4}"
EndProject
Global
	GlobalSection(SolutionConfigurationPlatforms) = preSolution
		Debug|Any CPU = Debug|Any CPU
		Release|Any CPU = Release|Any CPU
	EndGlobalSection
	GlobalSection(ProjectConfigurationPlatforms) = postSolution
		{CD02546D-83B1-495C-B085-0FB0583B95B4}.Debug|Any CPU.ActiveCfg = Debug|Any CPU
		{CD02546D-83B1-495C-B085-0FB0583B95B4}.Debug|Any CPU.Build.0 = Debug|Any CPU
		{CD02546D-83B1-495C-B085-0FB0583B95B4}.Release|Any CPU.ActiveCfg = Release|Any CPU
		{CD02546D-83B1-495C-B085-0FB0583B95B4}.Release|Any CPU.Build.0 = Release|Any CPU
	EndGlobalSection
	GlobalSection(SolutionProperties) = preSolution
		HideSolutionNode = FALSE
	EndGlobalSection
	GlobalSection(ExtensibilityGlobals) = postSolution
		SolutionGuid = {A5657709-CA6D-4514-B5E6-B8B5E84A9972}
	EndGlobalSection
EndGlobal
